// !$*UTF8*$!
{
	archiveVersion = 1;
	classes = {
	};
	objectVersion = 50;
	objects = {

/* Begin PBXBuildFile section */
		3ABFA92F21464BAE00D52654 /* AppDelegate.swift in Sources */ = {isa = PBXBuildFile; fileRef = 3ABFA92E21464BAE00D52654 /* AppDelegate.swift */; };
		3ABFA93421464BAE00D52654 /* Main.storyboard in Resources */ = {isa = PBXBuildFile; fileRef = 3ABFA93221464BAE00D52654 /* Main.storyboard */; };
		3ABFA93621464BC000D52654 /* Assets.xcassets in Resources */ = {isa = PBXBuildFile; fileRef = 3ABFA93521464BC000D52654 /* Assets.xcassets */; };
		3ABFA93921464BC000D52654 /* LaunchScreen.storyboard in Resources */ = {isa = PBXBuildFile; fileRef = 3ABFA93721464BC000D52654 /* LaunchScreen.storyboard */; };
		3ABFA94421464BC000D52654 /* PushNotificationTests.swift in Sources */ = {isa = PBXBuildFile; fileRef = 3ABFA94321464BC000D52654 /* PushNotificationTests.swift */; };
		3ABFA94F21464BC100D52654 /* PushNotificationUITests.swift in Sources */ = {isa = PBXBuildFile; fileRef = 3ABFA94E21464BC100D52654 /* PushNotificationUITests.swift */; };
		3ABFA95E21464D3700D52654 /* NotificationViewController.swift in Sources */ = {isa = PBXBuildFile; fileRef = 3ABFA95D21464D3700D52654 /* NotificationViewController.swift */; };
		3ABFA960214676B200D52654 /* NavigationViewController.swift in Sources */ = {isa = PBXBuildFile; fileRef = 3ABFA95F214676B200D52654 /* NavigationViewController.swift */; };
		3ABFA96221467EE200D52654 /* SplashVC.swift in Sources */ = {isa = PBXBuildFile; fileRef = 3ABFA96121467EE200D52654 /* SplashVC.swift */; };
/* End PBXBuildFile section */

/* Begin PBXContainerItemProxy section */
		3ABFA94021464BC000D52654 /* PBXContainerItemProxy */ = {
			isa = PBXContainerItemProxy;
			containerPortal = 3ABFA92321464BAE00D52654 /* Project object */;
			proxyType = 1;
			remoteGlobalIDString = 3ABFA92A21464BAE00D52654;
			remoteInfo = PushNotification;
		};
		3ABFA94B21464BC100D52654 /* PBXContainerItemProxy */ = {
			isa = PBXContainerItemProxy;
			containerPortal = 3ABFA92321464BAE00D52654 /* Project object */;
			proxyType = 1;
			remoteGlobalIDString = 3ABFA92A21464BAE00D52654;
			remoteInfo = PushNotification;
		};
/* End PBXContainerItemProxy section */

/* Begin PBXFileReference section */
		3ABFA92B21464BAE00D52654 /* PushNotification.app */ = {isa = PBXFileReference; explicitFileType = wrapper.application; includeInIndex = 0; path = PushNotification.app; sourceTree = BUILT_PRODUCTS_DIR; };
		3ABFA92E21464BAE00D52654 /* AppDelegate.swift */ = {isa = PBXFileReference; lastKnownFileType = sourcecode.swift; path = AppDelegate.swift; sourceTree = "<group>"; };
		3ABFA93321464BAE00D52654 /* Base */ = {isa = PBXFileReference; lastKnownFileType = file.storyboard; name = Base; path = Base.lproj/Main.storyboard; sourceTree = "<group>"; };
		3ABFA93521464BC000D52654 /* Assets.xcassets */ = {isa = PBXFileReference; lastKnownFileType = folder.assetcatalog; path = Assets.xcassets; sourceTree = "<group>"; };
		3ABFA93821464BC000D52654 /* Base */ = {isa = PBXFileReference; lastKnownFileType = file.storyboard; name = Base; path = Base.lproj/LaunchScreen.storyboard; sourceTree = "<group>"; };
		3ABFA93A21464BC000D52654 /* Info.plist */ = {isa = PBXFileReference; lastKnownFileType = text.plist.xml; path = Info.plist; sourceTree = "<group>"; };
		3ABFA93F21464BC000D52654 /* PushNotificationTests.xctest */ = {isa = PBXFileReference; explicitFileType = wrapper.cfbundle; includeInIndex = 0; path = PushNotificationTests.xctest; sourceTree = BUILT_PRODUCTS_DIR; };
		3ABFA94321464BC000D52654 /* PushNotificationTests.swift */ = {isa = PBXFileReference; lastKnownFileType = sourcecode.swift; path = PushNotificationTests.swift; sourceTree = "<group>"; };
		3ABFA94521464BC000D52654 /* Info.plist */ = {isa = PBXFileReference; lastKnownFileType = text.plist.xml; path = Info.plist; sourceTree = "<group>"; };
		3ABFA94A21464BC000D52654 /* PushNotificationUITests.xctest */ = {isa = PBXFileReference; explicitFileType = wrapper.cfbundle; includeInIndex = 0; path = PushNotificationUITests.xctest; sourceTree = BUILT_PRODUCTS_DIR; };
		3ABFA94E21464BC100D52654 /* PushNotificationUITests.swift */ = {isa = PBXFileReference; lastKnownFileType = sourcecode.swift; path = PushNotificationUITests.swift; sourceTree = "<group>"; };
		3ABFA95021464BC100D52654 /* Info.plist */ = {isa = PBXFileReference; lastKnownFileType = text.plist.xml; path = Info.plist; sourceTree = "<group>"; };
		3ABFA95C21464CD100D52654 /* PushNotification.entitlements */ = {isa = PBXFileReference; lastKnownFileType = text.plist.entitlements; path = PushNotification.entitlements; sourceTree = "<group>"; };
		3ABFA95D21464D3700D52654 /* NotificationViewController.swift */ = {isa = PBXFileReference; lastKnownFileType = sourcecode.swift; path = NotificationViewController.swift; sourceTree = "<group>"; };
		3ABFA95F214676B200D52654 /* NavigationViewController.swift */ = {isa = PBXFileReference; lastKnownFileType = sourcecode.swift; path = NavigationViewController.swift; sourceTree = "<group>"; };
		3ABFA96121467EE200D52654 /* SplashVC.swift */ = {isa = PBXFileReference; lastKnownFileType = sourcecode.swift; path = SplashVC.swift; sourceTree = "<group>"; };
/* End PBXFileReference section */

/* Begin PBXFrameworksBuildPhase section */
		3ABFA92821464BAE00D52654 /* Frameworks */ = {
			isa = PBXFrameworksBuildPhase;
			buildActionMask = 2147483647;
			files = (
			);
			runOnlyForDeploymentPostprocessing = 0;
		};
		3ABFA93C21464BC000D52654 /* Frameworks */ = {
			isa = PBXFrameworksBuildPhase;
			buildActionMask = 2147483647;
			files = (
			);
			runOnlyForDeploymentPostprocessing = 0;
		};
		3ABFA94721464BC000D52654 /* Frameworks */ = {
			isa = PBXFrameworksBuildPhase;
			buildActionMask = 2147483647;
			files = (
			);
			runOnlyForDeploymentPostprocessing = 0;
		};
/* End PBXFrameworksBuildPhase section */

/* Begin PBXGroup section */
		3ABFA92221464BAE00D52654 = {
			isa = PBXGroup;
			children = (
				3ABFA92D21464BAE00D52654 /* PushNotification */,
				3ABFA94221464BC000D52654 /* PushNotificationTests */,
				3ABFA94D21464BC100D52654 /* PushNotificationUITests */,
				3ABFA92C21464BAE00D52654 /* Products */,
			);
			sourceTree = "<group>";
		};
		3ABFA92C21464BAE00D52654 /* Products */ = {
			isa = PBXGroup;
			children = (
				3ABFA92B21464BAE00D52654 /* PushNotification.app */,
				3ABFA93F21464BC000D52654 /* PushNotificationTests.xctest */,
				3ABFA94A21464BC000D52654 /* PushNotificationUITests.xctest */,
			);
			name = Products;
			sourceTree = "<group>";
		};
		3ABFA92D21464BAE00D52654 /* PushNotification */ = {
			isa = PBXGroup;
			children = (
				3ABFA95C21464CD100D52654 /* PushNotification.entitlements */,
				3ABFA92E21464BAE00D52654 /* AppDelegate.swift */,
				3ABFA96121467EE200D52654 /* SplashVC.swift */,
				3ABFA95D21464D3700D52654 /* NotificationViewController.swift */,
				3ABFA95F214676B200D52654 /* NavigationViewController.swift */,
				3ABFA93221464BAE00D52654 /* Main.storyboard */,
				3ABFA93521464BC000D52654 /* Assets.xcassets */,
				3ABFA93721464BC000D52654 /* LaunchScreen.storyboard */,
				3ABFA93A21464BC000D52654 /* Info.plist */,
			);
			path = PushNotification;
			sourceTree = "<group>";
		};
		3ABFA94221464BC000D52654 /* PushNotificationTests */ = {
			isa = PBXGroup;
			children = (
				3ABFA94321464BC000D52654 /* PushNotificationTests.swift */,
				3ABFA94521464BC000D52654 /* Info.plist */,
			);
			path = PushNotificationTests;
			sourceTree = "<group>";
		};
		3ABFA94D21464BC100D52654 /* PushNotificationUITests */ = {
			isa = PBXGroup;
			children = (
				3ABFA94E21464BC100D52654 /* PushNotificationUITests.swift */,
				3ABFA95021464BC100D52654 /* Info.plist */,
			);
			path = PushNotificationUITests;
			sourceTree = "<group>";
		};
/* End PBXGroup section */

/* Begin PBXNativeTarget section */
		3ABFA92A21464BAE00D52654 /* PushNotification */ = {
			isa = PBXNativeTarget;
			buildConfigurationList = 3ABFA95321464BC100D52654 /* Build configuration list for PBXNativeTarget "PushNotification" */;
			buildPhases = (
				3ABFA92721464BAE00D52654 /* Sources */,
				3ABFA92821464BAE00D52654 /* Frameworks */,
				3ABFA92921464BAE00D52654 /* Resources */,
			);
			buildRules = (
			);
			dependencies = (
			);
			name = PushNotification;
			productName = PushNotification;
			productReference = 3ABFA92B21464BAE00D52654 /* PushNotification.app */;
			productType = "com.apple.product-type.application";
		};
		3ABFA93E21464BC000D52654 /* PushNotificationTests */ = {
			isa = PBXNativeTarget;
			buildConfigurationList = 3ABFA95621464BC100D52654 /* Build configuration list for PBXNativeTarget "PushNotificationTests" */;
			buildPhases = (
				3ABFA93B21464BC000D52654 /* Sources */,
				3ABFA93C21464BC000D52654 /* Frameworks */,
				3ABFA93D21464BC000D52654 /* Resources */,
			);
			buildRules = (
			);
			dependencies = (
				3ABFA94121464BC000D52654 /* PBXTargetDependency */,
			);
			name = PushNotificationTests;
			productName = PushNotificationTests;
			productReference = 3ABFA93F21464BC000D52654 /* PushNotificationTests.xctest */;
			productType = "com.apple.product-type.bundle.unit-test";
		};
		3ABFA94921464BC000D52654 /* PushNotificationUITests */ = {
			isa = PBXNativeTarget;
			buildConfigurationList = 3ABFA95921464BC100D52654 /* Build configuration list for PBXNativeTarget "PushNotificationUITests" */;
			buildPhases = (
				3ABFA94621464BC000D52654 /* Sources */,
				3ABFA94721464BC000D52654 /* Frameworks */,
				3ABFA94821464BC000D52654 /* Resources */,
			);
			buildRules = (
			);
			dependencies = (
				3ABFA94C21464BC100D52654 /* PBXTargetDependency */,
			);
			name = PushNotificationUITests;
			productName = PushNotificationUITests;
			productReference = 3ABFA94A21464BC000D52654 /* PushNotificationUITests.xctest */;
			productType = "com.apple.product-type.bundle.ui-testing";
		};
/* End PBXNativeTarget section */

/* Begin PBXProject section */
		3ABFA92321464BAE00D52654 /* Project object */ = {
			isa = PBXProject;
			attributes = {
				LastSwiftUpdateCheck = 0940;
				LastUpgradeCheck = 0940;
				ORGANIZATIONNAME = weblink;
				TargetAttributes = {
					3ABFA92A21464BAE00D52654 = {
						CreatedOnToolsVersion = 9.4.1;
						SystemCapabilities = {
							com.apple.BackgroundModes = {
								enabled = 1;
							};
							com.apple.Push = {
								enabled = 1;
							};
						};
					};
					3ABFA93E21464BC000D52654 = {
						CreatedOnToolsVersion = 9.4.1;
						TestTargetID = 3ABFA92A21464BAE00D52654;
					};
					3ABFA94921464BC000D52654 = {
						CreatedOnToolsVersion = 9.4.1;
						TestTargetID = 3ABFA92A21464BAE00D52654;
					};
				};
			};
			buildConfigurationList = 3ABFA92621464BAE00D52654 /* Build configuration list for PBXProject "PushNotification" */;
			compatibilityVersion = "Xcode 9.3";
			developmentRegion = en;
			hasScannedForEncodings = 0;
			knownRegions = (
				en,
				Base,
			);
			mainGroup = 3ABFA92221464BAE00D52654;
			productRefGroup = 3ABFA92C21464BAE00D52654 /* Products */;
			projectDirPath = "";
			projectRoot = "";
			targets = (
				3ABFA92A21464BAE00D52654 /* PushNotification */,
				3ABFA93E21464BC000D52654 /* PushNotificationTests */,
				3ABFA94921464BC000D52654 /* PushNotificationUITests */,
			);
		};
/* End PBXProject section */

/* Begin PBXResourcesBuildPhase section */
		3ABFA92921464BAE00D52654 /* Resources */ = {
			isa = PBXResourcesBuildPhase;
			buildActionMask = 2147483647;
			files = (
				3ABFA93921464BC000D52654 /* LaunchScreen.storyboard in Resources */,
				3ABFA93621464BC000D52654 /* Assets.xcassets in Resources */,
				3ABFA93421464BAE00D52654 /* Main.storyboard in Resources */,
			);
			runOnlyForDeploymentPostprocessing = 0;
		};
		3ABFA93D21464BC000D52654 /* Resources */ = {
			isa = PBXResourcesBuildPhase;
			buildActionMask = 2147483647;
			files = (
			);
			runOnlyForDeploymentPostprocessing = 0;
		};
		3ABFA94821464BC000D52654 /* Resources */ = {
			isa = PBXResourcesBuildPhase;
			buildActionMask = 2147483647;
			files = (
			);
			runOnlyForDeploymentPostprocessing = 0;
		};
/* End PBXResourcesBuildPhase section */

/* Begin PBXSourcesBuildPhase section */
		3ABFA92721464BAE00D52654 /* Sources */ = {
			isa = PBXSourcesBuildPhase;
			buildActionMask = 2147483647;
			files = (
				3ABFA960214676B200D52654 /* NavigationViewController.swift in Sources */,
				3ABFA96221467EE200D52654 /* SplashVC.swift in Sources */,
				3ABFA92F21464BAE00D52654 /* AppDelegate.swift in Sources */,
				3ABFA95E21464D3700D52654 /* NotificationViewController.swift in Sources */,
			);
			runOnlyForDeploymentPostprocessing = 0;
		};
		3ABFA93B21464BC000D52654 /* Sources */ = {
			isa = PBXSourcesBuildPhase;
			buildActionMask = 2147483647;
			files = (
				3ABFA94421464BC000D52654 /* PushNotificationTests.swift in Sources */,
			);
			runOnlyForDeploymentPostprocessing = 0;
		};
		3ABFA94621464BC000D52654 /* Sources */ = {
			isa = PBXSourcesBuildPhase;
			buildActionMask = 2147483647;
			files = (
				3ABFA94F21464BC100D52654 /* PushNotificationUITests.swift in Sources */,
			);
			runOnlyForDeploymentPostprocessing = 0;
		};
/* End PBXSourcesBuildPhase section */

/* Begin PBXTargetDependency section */
		3ABFA94121464BC000D52654 /* PBXTargetDependency */ = {
			isa = PBXTargetDependency;
			target = 3ABFA92A21464BAE00D52654 /* PushNotification */;
			targetProxy = 3ABFA94021464BC000D52654 /* PBXContainerItemProxy */;
		};
		3ABFA94C21464BC100D52654 /* PBXTargetDependency */ = {
			isa = PBXTargetDependency;
			target = 3ABFA92A21464BAE00D52654 /* PushNotification */;
			targetProxy = 3ABFA94B21464BC100D52654 /* PBXContainerItemProxy */;
		};
/* End PBXTargetDependency section */

/* Begin PBXVariantGroup section */
		3ABFA93221464BAE00D52654 /* Main.storyboard */ = {
			isa = PBXVariantGroup;
			children = (
				3ABFA93321464BAE00D52654 /* Base */,
			);
			name = Main.storyboard;
			sourceTree = "<group>";
		};
		3ABFA93721464BC000D52654 /* LaunchScreen.storyboard */ = {
			isa = PBXVariantGroup;
			children = (
				3ABFA93821464BC000D52654 /* Base */,
			);
			name = LaunchScreen.storyboard;
			sourceTree = "<group>";
		};
/* End PBXVariantGroup section */

/* Begin XCBuildConfiguration section */
		3ABFA95121464BC100D52654 /* Debug */ = {
			isa = XCBuildConfiguration;
			buildSettings = {
				ALWAYS_SEARCH_USER_PATHS = NO;
				CLANG_ANALYZER_NONNULL = YES;
				CLANG_ANALYZER_NUMBER_OBJECT_CONVERSION = YES_AGGRESSIVE;
				CLANG_CXX_LANGUAGE_STANDARD = "gnu++14";
				CLANG_CXX_LIBRARY = "libc++";
				CLANG_ENABLE_MODULES = YES;
				CLANG_ENABLE_OBJC_ARC = YES;
				CLANG_ENABLE_OBJC_WEAK = YES;
				CLANG_WARN_BLOCK_CAPTURE_AUTORELEASING = YES;
				CLANG_WARN_BOOL_CONVERSION = YES;
				CLANG_WARN_COMMA = YES;
				CLANG_WARN_CONSTANT_CONVERSION = YES;
				CLANG_WARN_DEPRECATED_OBJC_IMPLEMENTATIONS = YES;
				CLANG_WARN_DIRECT_OBJC_ISA_USAGE = YES_ERROR;
				CLANG_WARN_DOCUMENTATION_COMMENTS = YES;
				CLANG_WARN_EMPTY_BODY = YES;
				CLANG_WARN_ENUM_CONVERSION = YES;
				CLANG_WARN_INFINITE_RECURSION = YES;
				CLANG_WARN_INT_CONVERSION = YES;
				CLANG_WARN_NON_LITERAL_NULL_CONVERSION = YES;
				CLANG_WARN_OBJC_IMPLICIT_RETAIN_SELF = YES;
				CLANG_WARN_OBJC_LITERAL_CONVERSION = YES;
				CLANG_WARN_OBJC_ROOT_CLASS = YES_ERROR;
				CLANG_WARN_RANGE_LOOP_ANALYSIS = YES;
				CLANG_WARN_STRICT_PROTOTYPES = YES;
				CLANG_WARN_SUSPICIOUS_MOVE = YES;
				CLANG_WARN_UNGUARDED_AVAILABILITY = YES_AGGRESSIVE;
				CLANG_WARN_UNREACHABLE_CODE = YES;
				CLANG_WARN__DUPLICATE_METHOD_MATCH = YES;
				CODE_SIGN_IDENTITY = "iPhone Developer";
				COPY_PHASE_STRIP = NO;
				DEBUG_INFORMATION_FORMAT = dwarf;
				ENABLE_STRICT_OBJC_MSGSEND = YES;
				ENABLE_TESTABILITY = YES;
				GCC_C_LANGUAGE_STANDARD = gnu11;
				GCC_DYNAMIC_NO_PIC = NO;
				GCC_NO_COMMON_BLOCKS = YES;
				GCC_OPTIMIZATION_LEVEL = 0;
				GCC_PREPROCESSOR_DEFINITIONS = (
					"DEBUG=1",
					"$(inherited)",
				);
				GCC_WARN_64_TO_32_BIT_CONVERSION = YES;
				GCC_WARN_ABOUT_RETURN_TYPE = YES_ERROR;
				GCC_WARN_UNDECLARED_SELECTOR = YES;
				GCC_WARN_UNINITIALIZED_AUTOS = YES_AGGRESSIVE;
				GCC_WARN_UNUSED_FUNCTION = YES;
				GCC_WARN_UNUSED_VARIABLE = YES;
				IPHONEOS_DEPLOYMENT_TARGET = 11.4;
				MTL_ENABLE_DEBUG_INFO = YES;
				ONLY_ACTIVE_ARCH = YES;
				SDKROOT = iphoneos;
				SWIFT_ACTIVE_COMPILATION_CONDITIONS = DEBUG;
				SWIFT_OPTIMIZATION_LEVEL = "-Onone";
			};
			name = Debug;
		};
		3ABFA95221464BC100D52654 /* Release */ = {
			isa = XCBuildConfiguration;
			buildSettings = {
				ALWAYS_SEARCH_USER_PATHS = NO;
				CLANG_ANALYZER_NONNULL = YES;
				CLANG_ANALYZER_NUMBER_OBJECT_CONVERSION = YES_AGGRESSIVE;
				CLANG_CXX_LANGUAGE_STANDARD = "gnu++14";
				CLANG_CXX_LIBRARY = "libc++";
				CLANG_ENABLE_MODULES = YES;
				CLANG_ENABLE_OBJC_ARC = YES;
				CLANG_ENABLE_OBJC_WEAK = YES;
				CLANG_WARN_BLOCK_CAPTURE_AUTORELEASING = YES;
				CLANG_WARN_BOOL_CONVERSION = YES;
				CLANG_WARN_COMMA = YES;
				CLANG_WARN_CONSTANT_CONVERSION = YES;
				CLANG_WARN_DEPRECATED_OBJC_IMPLEMENTATIONS = YES;
				CLANG_WARN_DIRECT_OBJC_ISA_USAGE = YES_ERROR;
				CLANG_WARN_DOCUMENTATION_COMMENTS = YES;
				CLANG_WARN_EMPTY_BODY = YES;
				CLANG_WARN_ENUM_CONVERSION = YES;
				CLANG_WARN_INFINITE_RECURSION = YES;
				CLANG_WARN_INT_CONVERSION = YES;
				CLANG_WARN_NON_LITERAL_NULL_CONVERSION = YES;
				CLANG_WARN_OBJC_IMPLICIT_RETAIN_SELF = YES;
				CLANG_WARN_OBJC_LITERAL_CONVERSION = YES;
				CLANG_WARN_OBJC_ROOT_CLASS = YES_ERROR;
				CLANG_WARN_RANGE_LOOP_ANALYSIS = YES;
				CLANG_WARN_STRICT_PROTOTYPES = YES;
				CLANG_WARN_SUSPICIOUS_MOVE = YES;
				CLANG_WARN_UNGUARDED_AVAILABILITY = YES_AGGRESSIVE;
				CLANG_WARN_UNREACHABLE_CODE = YES;
				CLANG_WARN__DUPLICATE_METHOD_MATCH = YES;
				CODE_SIGN_IDENTITY = "iPhone Developer";
				COPY_PHASE_STRIP = NO;
				DEBUG_INFORMATION_FORMAT = "dwarf-with-dsym";
				ENABLE_NS_ASSERTIONS = NO;
				ENABLE_STRICT_OBJC_MSGSEND = YES;
				GCC_C_LANGUAGE_STANDARD = gnu11;
				GCC_NO_COMMON_BLOCKS = YES;
				GCC_WARN_64_TO_32_BIT_CONVERSION = YES;
				GCC_WARN_ABOUT_RETURN_TYPE = YES_ERROR;
				GCC_WARN_UNDECLARED_SELECTOR = YES;
				GCC_WARN_UNINITIALIZED_AUTOS = YES_AGGRESSIVE;
				GCC_WARN_UNUSED_FUNCTION = YES;
				GCC_WARN_UNUSED_VARIABLE = YES;
				IPHONEOS_DEPLOYMENT_TARGET = 11.4;
				MTL_ENABLE_DEBUG_INFO = NO;
				SDKROOT = iphoneos;
				SWIFT_COMPILATION_MODE = wholemodule;
				SWIFT_OPTIMIZATION_LEVEL = "-O";
				VALIDATE_PRODUCT = YES;
			};
			name = Release;
		};
		3ABFA95421464BC100D52654 /* Debug */ = {
			isa = XCBuildConfiguration;
			buildSettings = {
				ASSETCATALOG_COMPILER_APPICON_NAME = AppIcon;
				CODE_SIGN_ENTITLEMENTS = PushNotification/PushNotification.entitlements;
				CODE_SIGN_STYLE = Automatic;
				DEVELOPMENT_TEAM = JPA83TM4DH;
				INFOPLIST_FILE = PushNotification/Info.plist;
				IPHONEOS_DEPLOYMENT_TARGET = 9.0;
				LD_RUNPATH_SEARCH_PATHS = (
					"$(inherited)",
					"@executable_path/Frameworks",
				);
				PRODUCT_BUNDLE_IDENTIFIER = com.weblink.Staypal;
				PRODUCT_NAME = "$(TARGET_NAME)";
				SWIFT_VERSION = 4.0;
				TARGETED_DEVICE_FAMILY = "1,2";
			};
			name = Debug;
		};
		3ABFA95521464BC100D52654 /* Release */ = {
			isa = XCBuildConfiguration;
			buildSettings = {
				ASSETCATALOG_COMPILER_APPICON_NAME = AppIcon;
				CODE_SIGN_ENTITLEMENTS = PushNotification/PushNotification.entitlements;
				CODE_SIGN_STYLE = Automatic;
				DEVELOPMENT_TEAM = JPA83TM4DH;
				INFOPLIST_FILE = PushNotification/Info.plist;
				IPHONEOS_DEPLOYMENT_TARGET = 9.0;
				LD_RUNPATH_SEARCH_PATHS = (
					"$(inherited)",
					"@executable_path/Frameworks",
				);
				PRODUCT_BUNDLE_IDENTIFIER = com.weblink.Staypal;
				PRODUCT_NAME = "$(TARGET_NAME)";
				SWIFT_VERSION = 4.0;
				TARGETED_DEVICE_FAMILY = "1,2";
			};
			name = Release;
		};
		3ABFA95721464BC100D52654 /* Debug */ = {
			isa = XCBuildConfiguration;
			buildSettings = {
				ALWAYS_EMBED_SWIFT_STANDARD_LIBRARIES = YES;
				BUNDLE_LOADER = "$(TEST_HOST)";
				CODE_SIGN_STYLE = Automatic;
				DEVELOPMENT_TEAM = JPA83TM4DH;
				INFOPLIST_FILE = PushNotificationTests/Info.plist;
				LD_RUNPATH_SEARCH_PATHS = (
					"$(inherited)",
					"@executable_path/Frameworks",
					"@loader_path/Frameworks",
				);
				PRODUCT_BUNDLE_IDENTIFIER = com.weblink.PushNotificationTests;
				PRODUCT_NAME = "$(TARGET_NAME)";
				SWIFT_VERSION = 4.0;
				TARGETED_DEVICE_FAMILY = "1,2";
				TEST_HOST = "$(BUILT_PRODUCTS_DIR)/PushNotification.app/PushNotification";
			};
			name = Debug;
		};
		3ABFA95821464BC100D52654 /* Release */ = {
			isa = XCBuildConfiguration;
			buildSettings = {
				ALWAYS_EMBED_SWIFT_STANDARD_LIBRARIES = YES;
				BUNDLE_LOADER = "$(TEST_HOST)";
				CODE_SIGN_STYLE = Automatic;
				DEVELOPMENT_TEAM = JPA83TM4DH;
				INFOPLIST_FILE = PushNotificationTests/Info.plist;
				LD_RUNPATH_SEARCH_PATHS = (
					"$(inherited)",
					"@executable_path/Frameworks",
					"@loader_path/Frameworks",
				);
				PRODUCT_BUNDLE_IDENTIFIER = com.weblink.PushNotificationTests;
				PRODUCT_NAME = "$(TARGET_NAME)";
				SWIFT_VERSION = 4.0;
				TARGETED_DEVICE_FAMILY = "1,2";
				TEST_HOST = "$(BUILT_PRODUCTS_DIR)/PushNotification.app/PushNotification";
			};
			name = Release;
		};
		3ABFA95A21464BC100D52654 /* Debug */ = {
			isa = XCBuildConfiguration;
			buildSettings = {
				ALWAYS_EMBED_SWIFT_STANDARD_LIBRARIES = YES;
				CODE_SIGN_STYLE = Automatic;
				DEVELOPMENT_TEAM = JPA83TM4DH;
				INFOPLIST_FILE = PushNotificationUITests/Info.plist;
				LD_RUNPATH_SEARCH_PATHS = (
					"$(inherited)",
					"@executable_path/Frameworks",
					"@loader_path/Frameworks",
				);
				PRODUCT_BUNDLE_IDENTIFIER = com.weblink.PushNotificationUITests;
				PRODUCT_NAME = "$(TARGET_NAME)";
				SWIFT_VERSION = 4.0;
				TARGETED_DEVICE_FAMILY = "1,2";
				TEST_TARGET_NAME = PushNotification;
			};
			name = Debug;
		};
		3ABFA95B21464BC100D52654 /* Release */ = {
			isa = XCBuildConfiguration;
			buildSettings = {
				ALWAYS_EMBED_SWIFT_STANDARD_LIBRARIES = YES;
				CODE_SIGN_STYLE = Automatic;
				DEVELOPMENT_TEAM = JPA83TM4DH;
				INFOPLIST_FILE = PushNotificationUITests/Info.plist;
				LD_RUNPATH_SEARCH_PATHS = (
					"$(inherited)",
					"@executable_path/Frameworks",
					"@loader_path/Frameworks",
				);
				PRODUCT_BUNDLE_IDENTIFIER = com.weblink.PushNotificationUITests;
				PRODUCT_NAME = "$(TARGET_NAME)";
				SWIFT_VERSION = 4.0;
				TARGETED_DEVICE_FAMILY = "1,2";
				TEST_TARGET_NAME = PushNotification;
			};
			name = Release;
		};
/* End XCBuildConfiguration section */

/* Begin XCConfigurationList section */
		3ABFA92621464BAE00D52654 /* Build configuration list for PBXProject "PushNotification" */ = {
			isa = XCConfigurationList;
			buildConfigurations = (
				3ABFA95121464BC100D52654 /* Debug */,
				3ABFA95221464BC100D52654 /* Release */,
			);
			defaultConfigurationIsVisible = 0;
			defaultConfigurationName = Release;
		};
		3ABFA95321464BC100D52654 /* Build configuration list for PBXNativeTarget "PushNotification" */ = {
			isa = XCConfigurationList;
			buildConfigurations = (
				3ABFA95421464BC100D52654 /* Debug */,
				3ABFA95521464BC100D52654 /* Release */,
			);
			defaultConfigurationIsVisible = 0;
			defaultConfigurationName = Release;
		};
		3ABFA95621464BC100D52654 /* Build configuration list for PBXNativeTarget "PushNotificationTests" */ = {
			isa = XCConfigurationList;
			buildConfigurations = (
				3ABFA95721464BC100D52654 /* Debug */,
				3ABFA95821464BC100D52654 /* Release */,
			);
			defaultConfigurationIsVisible = 0;
			defaultConfigurationName = Release;
		};
		3ABFA95921464BC100D52654 /* Build configuration list for PBXNativeTarget "PushNotificationUITests" */ = {
			isa = XCConfigurationList;
			buildConfigurations = (
				3ABFA95A21464BC100D52654 /* Debug */,
				3ABFA95B21464BC100D52654 /* Release */,
			);
			defaultConfigurationIsVisible = 0;
			defaultConfigurationName = Release;
		};
/* End XCConfigurationList section */
	};
	rootObject = 3ABFA92321464BAE00D52654 /* Project object */;
}
